// !$*UTF8*$!
{
	archiveVersion = 1;
	classes = {
	};
	objectVersion = 56;
	objects = {

/* Begin PBXBuildFile section */
		F37AE6A62987C6B100F3311C /* AppDelegate.swift in Sources */ = {isa = PBXBuildFile; fileRef = F37AE6A52987C6B100F3311C /* AppDelegate.swift */; };
		F37AE6A82987C6B100F3311C /* SceneDelegate.swift in Sources */ = {isa = PBXBuildFile; fileRef = F37AE6A72987C6B100F3311C /* SceneDelegate.swift */; };
		F37AE6AA2987C6B100F3311C /* ViewController.swift in Sources */ = {isa = PBXBuildFile; fileRef = F37AE6A92987C6B100F3311C /* ViewController.swift */; };
		F37AE6AD2987C6B100F3311C /* Main.storyboard in Resources */ = {isa = PBXBuildFile; fileRef = F37AE6AB2987C6B100F3311C /* Main.storyboard */; };
		F37AE6AF2987C6B200F3311C /* Assets.xcassets in Resources */ = {isa = PBXBuildFile; fileRef = F37AE6AE2987C6B200F3311C /* Assets.xcassets */; };
		F37AE6B22987C6B200F3311C /* LaunchScreen.storyboard in Resources */ = {isa = PBXBuildFile; fileRef = F37AE6B02987C6B200F3311C /* LaunchScreen.storyboard */; };
		F37AE6BD2987C6B300F3311C /* UyaliBeautyFaceSDKDemoTests.swift in Sources */ = {isa = PBXBuildFile; fileRef = F37AE6BC2987C6B300F3311C /* UyaliBeautyFaceSDKDemoTests.swift */; };
		F37AE6C72987C6B300F3311C /* UyaliBeautyFaceSDKDemoUITests.swift in Sources */ = {isa = PBXBuildFile; fileRef = F37AE6C62987C6B300F3311C /* UyaliBeautyFaceSDKDemoUITests.swift */; };
		F37AE6C92987C6B300F3311C /* UyaliBeautyFaceSDKDemoUITestsLaunchTests.swift in Sources */ = {isa = PBXBuildFile; fileRef = F37AE6C82987C6B300F3311C /* UyaliBeautyFaceSDKDemoUITestsLaunchTests.swift */; };
		F37AE6E02987C75300F3311C /* FaceReshapeView.swift in Sources */ = {isa = PBXBuildFile; fileRef = F37AE6D92987C75300F3311C /* FaceReshapeView.swift */; };
		F37AE6E12987C75300F3311C /* PFOpenGLView.m in Sources */ = {isa = PBXBuildFile; fileRef = F37AE6DB2987C75300F3311C /* PFOpenGLView.m */; };
		F37AE6E22987C75300F3311C /* PFCamera.m in Sources */ = {isa = PBXBuildFile; fileRef = F37AE6DD2987C75300F3311C /* PFCamera.m */; };
		F38408B6299E18A100697547 /* UyaliBeautyFaceSDK.framework in Frameworks */ = {isa = PBXBuildFile; fileRef = F38408B5299E18A100697547 /* UyaliBeautyFaceSDK.framework */; };
		F38408B9299E18D000697547 /* FaceBeautyView.swift in Sources */ = {isa = PBXBuildFile; fileRef = F38408B7299E18D000697547 /* FaceBeautyView.swift */; };
		F38408BA299E18D000697547 /* BeautyFilterController.swift in Sources */ = {isa = PBXBuildFile; fileRef = F38408B8299E18D000697547 /* BeautyFilterController.swift */; };
		F38408BB299E197C00697547 /* UyaliBeautyFaceSDK.framework in CopyFiles */ = {isa = PBXBuildFile; fileRef = F38408B5299E18A100697547 /* UyaliBeautyFaceSDK.framework */; settings = {ATTRIBUTES = (CodeSignOnCopy, RemoveHeadersOnCopy, ); }; };
/* End PBXBuildFile section */

/* Begin PBXContainerItemProxy section */
		F37AE6B92987C6B300F3311C /* PBXContainerItemProxy */ = {
			isa = PBXContainerItemProxy;
			containerPortal = F37AE69A2987C6B100F3311C /* Project object */;
			proxyType = 1;
			remoteGlobalIDString = F37AE6A12987C6B100F3311C;
			remoteInfo = UyaliBeautyFaceSDKDemo;
		};
		F37AE6C32987C6B300F3311C /* PBXContainerItemProxy */ = {
			isa = PBXContainerItemProxy;
			containerPortal = F37AE69A2987C6B100F3311C /* Project object */;
			proxyType = 1;
			remoteGlobalIDString = F37AE6A12987C6B100F3311C;
			remoteInfo = UyaliBeautyFaceSDKDemo;
		};
/* End PBXContainerItemProxy section */

/* Begin PBXCopyFilesBuildPhase section */
		F37AE6E72987C92900F3311C /* CopyFiles */ = {
			isa = PBXCopyFilesBuildPhase;
			buildActionMask = 2147483647;
			dstPath = "";
			dstSubfolderSpec = 10;
			files = (
				F38408BB299E197C00697547 /* UyaliBeautyFaceSDK.framework in CopyFiles */,
			);
			runOnlyForDeploymentPostprocessing = 0;
		};
/* End PBXCopyFilesBuildPhase section */

/* Begin PBXFileReference section */
		F37AE6A22987C6B100F3311C /* UyaliBeautyFaceSDKDemo.app */ = {isa = PBXFileReference; explicitFileType = wrapper.application; includeInIndex = 0; path = UyaliBeautyFaceSDKDemo.app; sourceTree = BUILT_PRODUCTS_DIR; };
		F37AE6A52987C6B100F3311C /* AppDelegate.swift */ = {isa = PBXFileReference; lastKnownFileType = sourcecode.swift; path = AppDelegate.swift; sourceTree = "<group>"; };
		F37AE6A72987C6B100F3311C /* SceneDelegate.swift */ = {isa = PBXFileReference; lastKnownFileType = sourcecode.swift; path = SceneDelegate.swift; sourceTree = "<group>"; };
		F37AE6A92987C6B100F3311C /* ViewController.swift */ = {isa = PBXFileReference; lastKnownFileType = sourcecode.swift; path = ViewController.swift; sourceTree = "<group>"; };
		F37AE6AC2987C6B100F3311C /* Base */ = {isa = PBXFileReference; lastKnownFileType = file.storyboard; name = Base; path = Base.lproj/Main.storyboard; sourceTree = "<group>"; };
		F37AE6AE2987C6B200F3311C /* Assets.xcassets */ = {isa = PBXFileReference; lastKnownFileType = folder.assetcatalog; path = Assets.xcassets; sourceTree = "<group>"; };
		F37AE6B12987C6B200F3311C /* Base */ = {isa = PBXFileReference; lastKnownFileType = file.storyboard; name = Base; path = Base.lproj/LaunchScreen.storyboard; sourceTree = "<group>"; };
		F37AE6B32987C6B200F3311C /* Info.plist */ = {isa = PBXFileReference; lastKnownFileType = text.plist.xml; path = Info.plist; sourceTree = "<group>"; };
		F37AE6B82987C6B300F3311C /* UyaliBeautyFaceSDKDemoTests.xctest */ = {isa = PBXFileReference; explicitFileType = wrapper.cfbundle; includeInIndex = 0; path = UyaliBeautyFaceSDKDemoTests.xctest; sourceTree = BUILT_PRODUCTS_DIR; };
		F37AE6BC2987C6B300F3311C /* UyaliBeautyFaceSDKDemoTests.swift */ = {isa = PBXFileReference; lastKnownFileType = sourcecode.swift; path = UyaliBeautyFaceSDKDemoTests.swift; sourceTree = "<group>"; };
		F37AE6C22987C6B300F3311C /* UyaliBeautyFaceSDKDemoUITests.xctest */ = {isa = PBXFileReference; explicitFileType = wrapper.cfbundle; includeInIndex = 0; path = UyaliBeautyFaceSDKDemoUITests.xctest; sourceTree = BUILT_PRODUCTS_DIR; };
		F37AE6C62987C6B300F3311C /* UyaliBeautyFaceSDKDemoUITests.swift */ = {isa = PBXFileReference; lastKnownFileType = sourcecode.swift; path = UyaliBeautyFaceSDKDemoUITests.swift; sourceTree = "<group>"; };
		F37AE6C82987C6B300F3311C /* UyaliBeautyFaceSDKDemoUITestsLaunchTests.swift */ = {isa = PBXFileReference; lastKnownFileType = sourcecode.swift; path = UyaliBeautyFaceSDKDemoUITestsLaunchTests.swift; sourceTree = "<group>"; };
		F37AE6D92987C75300F3311C /* FaceReshapeView.swift */ = {isa = PBXFileReference; fileEncoding = 4; lastKnownFileType = sourcecode.swift; path = FaceReshapeView.swift; sourceTree = "<group>"; };
		F37AE6DB2987C75300F3311C /* PFOpenGLView.m */ = {isa = PBXFileReference; fileEncoding = 4; lastKnownFileType = sourcecode.c.objc; path = PFOpenGLView.m; sourceTree = "<group>"; };
		F37AE6DC2987C75300F3311C /* PFCamera.h */ = {isa = PBXFileReference; fileEncoding = 4; lastKnownFileType = sourcecode.c.h; path = PFCamera.h; sourceTree = "<group>"; };
		F37AE6DD2987C75300F3311C /* PFCamera.m */ = {isa = PBXFileReference; fileEncoding = 4; lastKnownFileType = sourcecode.c.objc; path = PFCamera.m; sourceTree = "<group>"; };
		F37AE6DE2987C75300F3311C /* PFOpenGLView.h */ = {isa = PBXFileReference; fileEncoding = 4; lastKnownFileType = sourcecode.c.h; path = PFOpenGLView.h; sourceTree = "<group>"; };
		F37AE6E62987C7C000F3311C /* UyaliBeautyFaceSDKDemo-Bridging-Header.h */ = {isa = PBXFileReference; lastKnownFileType = sourcecode.c.h; path = "UyaliBeautyFaceSDKDemo-Bridging-Header.h"; sourceTree = "<group>"; };
		F38408B5299E18A100697547 /* UyaliBeautyFaceSDK.framework */ = {isa = PBXFileReference; lastKnownFileType = wrapper.framework; path = UyaliBeautyFaceSDK.framework; sourceTree = "<group>"; };
		F38408B7299E18D000697547 /* FaceBeautyView.swift */ = {isa = PBXFileReference; fileEncoding = 4; lastKnownFileType = sourcecode.swift; path = FaceBeautyView.swift; sourceTree = "<group>"; };
		F38408B8299E18D000697547 /* BeautyFilterController.swift */ = {isa = PBXFileReference; fileEncoding = 4; lastKnownFileType = sourcecode.swift; path = BeautyFilterController.swift; sourceTree = "<group>"; };
/* End PBXFileReference section */

/* Begin PBXFrameworksBuildPhase section */
		F37AE69F2987C6B100F3311C /* Frameworks */ = {
			isa = PBXFrameworksBuildPhase;
			buildActionMask = 2147483647;
			files = (
				F38408B6299E18A100697547 /* UyaliBeautyFaceSDK.framework in Frameworks */,
			);
			runOnlyForDeploymentPostprocessing = 0;
		};
		F37AE6B52987C6B300F3311C /* Frameworks */ = {
			isa = PBXFrameworksBuildPhase;
			buildActionMask = 2147483647;
			files = (
			);
			runOnlyForDeploymentPostprocessing = 0;
		};
		F37AE6BF2987C6B300F3311C /* Frameworks */ = {
			isa = PBXFrameworksBuildPhase;
			buildActionMask = 2147483647;
			files = (
			);
			runOnlyForDeploymentPostprocessing = 0;
		};
/* End PBXFrameworksBuildPhase section */

/* Begin PBXGroup section */
		F37AE6992987C6B100F3311C = {
			isa = PBXGroup;
			children = (
				F37AE6A42987C6B100F3311C /* UyaliBeautyFaceSDKDemo */,
				F37AE6BB2987C6B300F3311C /* UyaliBeautyFaceSDKDemoTests */,
				F37AE6C52987C6B300F3311C /* UyaliBeautyFaceSDKDemoUITests */,
				F37AE6A32987C6B100F3311C /* Products */,
			);
			sourceTree = "<group>";
		};
		F37AE6A32987C6B100F3311C /* Products */ = {
			isa = PBXGroup;
			children = (
				F37AE6A22987C6B100F3311C /* UyaliBeautyFaceSDKDemo.app */,
				F37AE6B82987C6B300F3311C /* UyaliBeautyFaceSDKDemoTests.xctest */,
				F37AE6C22987C6B300F3311C /* UyaliBeautyFaceSDKDemoUITests.xctest */,
			);
			name = Products;
			sourceTree = "<group>";
		};
		F37AE6A42987C6B100F3311C /* UyaliBeautyFaceSDKDemo */ = {
			isa = PBXGroup;
			children = (
				F38408B5299E18A100697547 /* UyaliBeautyFaceSDK.framework */,
				F37AE6A52987C6B100F3311C /* AppDelegate.swift */,
				F37AE6A72987C6B100F3311C /* SceneDelegate.swift */,
				F37AE6A92987C6B100F3311C /* ViewController.swift */,
				F38408B8299E18D000697547 /* BeautyFilterController.swift */,
				F38408B7299E18D000697547 /* FaceBeautyView.swift */,
				F37AE6D92987C75300F3311C /* FaceReshapeView.swift */,
				F37AE6E62987C7C000F3311C /* UyaliBeautyFaceSDKDemo-Bridging-Header.h */,
				F37AE6DA2987C75300F3311C /* 相机 */,
				F37AE6AB2987C6B100F3311C /* Main.storyboard */,
				F37AE6AE2987C6B200F3311C /* Assets.xcassets */,
				F37AE6B02987C6B200F3311C /* LaunchScreen.storyboard */,
				F37AE6B32987C6B200F3311C /* Info.plist */,
			);
			path = UyaliBeautyFaceSDKDemo;
			sourceTree = "<group>";
		};
		F37AE6BB2987C6B300F3311C /* UyaliBeautyFaceSDKDemoTests */ = {
			isa = PBXGroup;
			children = (
				F37AE6BC2987C6B300F3311C /* UyaliBeautyFaceSDKDemoTests.swift */,
			);
			path = UyaliBeautyFaceSDKDemoTests;
			sourceTree = "<group>";
		};
		F37AE6C52987C6B300F3311C /* UyaliBeautyFaceSDKDemoUITests */ = {
			isa = PBXGroup;
			children = (
				F37AE6C62987C6B300F3311C /* UyaliBeautyFaceSDKDemoUITests.swift */,
				F37AE6C82987C6B300F3311C /* UyaliBeautyFaceSDKDemoUITestsLaunchTests.swift */,
			);
			path = UyaliBeautyFaceSDKDemoUITests;
			sourceTree = "<group>";
		};
		F37AE6DA2987C75300F3311C /* 相机 */ = {
			isa = PBXGroup;
			children = (
				F37AE6DB2987C75300F3311C /* PFOpenGLView.m */,
				F37AE6DC2987C75300F3311C /* PFCamera.h */,
				F37AE6DD2987C75300F3311C /* PFCamera.m */,
				F37AE6DE2987C75300F3311C /* PFOpenGLView.h */,
			);
			path = "相机";
			sourceTree = "<group>";
		};
/* End PBXGroup section */

/* Begin PBXNativeTarget section */
		F37AE6A12987C6B100F3311C /* UyaliBeautyFaceSDKDemo */ = {
			isa = PBXNativeTarget;
			buildConfigurationList = F37AE6CC2987C6B300F3311C /* Build configuration list for PBXNativeTarget "UyaliBeautyFaceSDKDemo" */;
			buildPhases = (
				F37AE69E2987C6B100F3311C /* Sources */,
				F37AE69F2987C6B100F3311C /* Frameworks */,
				F37AE6A02987C6B100F3311C /* Resources */,
				F37AE6E72987C92900F3311C /* CopyFiles */,
			);
			buildRules = (
			);
			dependencies = (
			);
			name = UyaliBeautyFaceSDKDemo;
			productName = UyaliBeautyFaceSDKDemo;
			productReference = F37AE6A22987C6B100F3311C /* UyaliBeautyFaceSDKDemo.app */;
			productType = "com.apple.product-type.application";
		};
		F37AE6B72987C6B300F3311C /* UyaliBeautyFaceSDKDemoTests */ = {
			isa = PBXNativeTarget;
			buildConfigurationList = F37AE6CF2987C6B300F3311C /* Build configuration list for PBXNativeTarget "UyaliBeautyFaceSDKDemoTests" */;
			buildPhases = (
				F37AE6B42987C6B300F3311C /* Sources */,
				F37AE6B52987C6B300F3311C /* Frameworks */,
				F37AE6B62987C6B300F3311C /* Resources */,
			);
			buildRules = (
			);
			dependencies = (
				F37AE6BA2987C6B300F3311C /* PBXTargetDependency */,
			);
			name = UyaliBeautyFaceSDKDemoTests;
			productName = UyaliBeautyFaceSDKDemoTests;
			productReference = F37AE6B82987C6B300F3311C /* UyaliBeautyFaceSDKDemoTests.xctest */;
			productType = "com.apple.product-type.bundle.unit-test";
		};
		F37AE6C12987C6B300F3311C /* UyaliBeautyFaceSDKDemoUITests */ = {
			isa = PBXNativeTarget;
			buildConfigurationList = F37AE6D22987C6B300F3311C /* Build configuration list for PBXNativeTarget "UyaliBeautyFaceSDKDemoUITests" */;
			buildPhases = (
				F37AE6BE2987C6B300F3311C /* Sources */,
				F37AE6BF2987C6B300F3311C /* Frameworks */,
				F37AE6C02987C6B300F3311C /* Resources */,
			);
			buildRules = (
			);
			dependencies = (
				F37AE6C42987C6B300F3311C /* PBXTargetDependency */,
			);
			name = UyaliBeautyFaceSDKDemoUITests;
			productName = UyaliBeautyFaceSDKDemoUITests;
			productReference = F37AE6C22987C6B300F3311C /* UyaliBeautyFaceSDKDemoUITests.xctest */;
			productType = "com.apple.product-type.bundle.ui-testing";
		};
/* End PBXNativeTarget section */

/* Begin PBXProject section */
		F37AE69A2987C6B100F3311C /* Project object */ = {
			isa = PBXProject;
			attributes = {
				BuildIndependentTargetsInParallel = 1;
				LastSwiftUpdateCheck = 1420;
				LastUpgradeCheck = 1420;
				TargetAttributes = {
					F37AE6A12987C6B100F3311C = {
						CreatedOnToolsVersion = 14.2;
					};
					F37AE6B72987C6B300F3311C = {
						CreatedOnToolsVersion = 14.2;
						TestTargetID = F37AE6A12987C6B100F3311C;
					};
					F37AE6C12987C6B300F3311C = {
						CreatedOnToolsVersion = 14.2;
						TestTargetID = F37AE6A12987C6B100F3311C;
					};
				};
			};
			buildConfigurationList = F37AE69D2987C6B100F3311C /* Build configuration list for PBXProject "UyaliBeautyFaceSDKDemo" */;
			compatibilityVersion = "Xcode 14.0";
			developmentRegion = en;
			hasScannedForEncodings = 0;
			knownRegions = (
				en,
				Base,
			);
			mainGroup = F37AE6992987C6B100F3311C;
			productRefGroup = F37AE6A32987C6B100F3311C /* Products */;
			projectDirPath = "";
			projectRoot = "";
			targets = (
				F37AE6A12987C6B100F3311C /* UyaliBeautyFaceSDKDemo */,
				F37AE6B72987C6B300F3311C /* UyaliBeautyFaceSDKDemoTests */,
				F37AE6C12987C6B300F3311C /* UyaliBeautyFaceSDKDemoUITests */,
			);
		};
/* End PBXProject section */

/* Begin PBXResourcesBuildPhase section */
		F37AE6A02987C6B100F3311C /* Resources */ = {
			isa = PBXResourcesBuildPhase;
			buildActionMask = 2147483647;
			files = (
				F37AE6B22987C6B200F3311C /* LaunchScreen.storyboard in Resources */,
				F37AE6AF2987C6B200F3311C /* Assets.xcassets in Resources */,
				F37AE6AD2987C6B100F3311C /* Main.storyboard in Resources */,
			);
			runOnlyForDeploymentPostprocessing = 0;
		};
		F37AE6B62987C6B300F3311C /* Resources */ = {
			isa = PBXResourcesBuildPhase;
			buildActionMask = 2147483647;
			files = (
			);
			runOnlyForDeploymentPostprocessing = 0;
		};
		F37AE6C02987C6B300F3311C /* Resources */ = {
			isa = PBXResourcesBuildPhase;
			buildActionMask = 2147483647;
			files = (
			);
			runOnlyForDeploymentPostprocessing = 0;
		};
/* End PBXResourcesBuildPhase section */

/* Begin PBXSourcesBuildPhase section */
		F37AE69E2987C6B100F3311C /* Sources */ = {
			isa = PBXSourcesBuildPhase;
			buildActionMask = 2147483647;
			files = (
				F37AE6E22987C75300F3311C /* PFCamera.m in Sources */,
				F38408B9299E18D000697547 /* FaceBeautyView.swift in Sources */,
				F37AE6E02987C75300F3311C /* FaceReshapeView.swift in Sources */,
				F38408BA299E18D000697547 /* BeautyFilterController.swift in Sources */,
				F37AE6AA2987C6B100F3311C /* ViewController.swift in Sources */,
				F37AE6A62987C6B100F3311C /* AppDelegate.swift in Sources */,
				F37AE6A82987C6B100F3311C /* SceneDelegate.swift in Sources */,
				F37AE6E12987C75300F3311C /* PFOpenGLView.m in Sources */,
			);
			runOnlyForDeploymentPostprocessing = 0;
		};
		F37AE6B42987C6B300F3311C /* Sources */ = {
			isa = PBXSourcesBuildPhase;
			buildActionMask = 2147483647;
			files = (
				F37AE6BD2987C6B300F3311C /* UyaliBeautyFaceSDKDemoTests.swift in Sources */,
			);
			runOnlyForDeploymentPostprocessing = 0;
		};
		F37AE6BE2987C6B300F3311C /* Sources */ = {
			isa = PBXSourcesBuildPhase;
			buildActionMask = 2147483647;
			files = (
				F37AE6C92987C6B300F3311C /* UyaliBeautyFaceSDKDemoUITestsLaunchTests.swift in Sources */,
				F37AE6C72987C6B300F3311C /* UyaliBeautyFaceSDKDemoUITests.swift in Sources */,
			);
			runOnlyForDeploymentPostprocessing = 0;
		};
/* End PBXSourcesBuildPhase section */

/* Begin PBXTargetDependency section */
		F37AE6BA2987C6B300F3311C /* PBXTargetDependency */ = {
			isa = PBXTargetDependency;
			target = F37AE6A12987C6B100F3311C /* UyaliBeautyFaceSDKDemo */;
			targetProxy = F37AE6B92987C6B300F3311C /* PBXContainerItemProxy */;
		};
		F37AE6C42987C6B300F3311C /* PBXTargetDependency */ = {
			isa = PBXTargetDependency;
			target = F37AE6A12987C6B100F3311C /* UyaliBeautyFaceSDKDemo */;
			targetProxy = F37AE6C32987C6B300F3311C /* PBXContainerItemProxy */;
		};
/* End PBXTargetDependency section */

/* Begin PBXVariantGroup section */
		F37AE6AB2987C6B100F3311C /* Main.storyboard */ = {
			isa = PBXVariantGroup;
			children = (
				F37AE6AC2987C6B100F3311C /* Base */,
			);
			name = Main.storyboard;
			sourceTree = "<group>";
		};
		F37AE6B02987C6B200F3311C /* LaunchScreen.storyboard */ = {
			isa = PBXVariantGroup;
			children = (
				F37AE6B12987C6B200F3311C /* Base */,
			);
			name = LaunchScreen.storyboard;
			sourceTree = "<group>";
		};
/* End PBXVariantGroup section */

/* Begin XCBuildConfiguration section */
		F37AE6CA2987C6B300F3311C /* Debug */ = {
			isa = XCBuildConfiguration;
			buildSettings = {
				ALWAYS_SEARCH_USER_PATHS = NO;
				CLANG_ANALYZER_NONNULL = YES;
				CLANG_ANALYZER_NUMBER_OBJECT_CONVERSION = YES_AGGRESSIVE;
				CLANG_CXX_LANGUAGE_STANDARD = "gnu++20";
				CLANG_ENABLE_MODULES = YES;
				CLANG_ENABLE_OBJC_ARC = YES;
				CLANG_ENABLE_OBJC_WEAK = YES;
				CLANG_WARN_BLOCK_CAPTURE_AUTORELEASING = YES;
				CLANG_WARN_BOOL_CONVERSION = YES;
				CLANG_WARN_COMMA = YES;
				CLANG_WARN_CONSTANT_CONVERSION = YES;
				CLANG_WARN_DEPRECATED_OBJC_IMPLEMENTATIONS = YES;
				CLANG_WARN_DIRECT_OBJC_ISA_USAGE = YES_ERROR;
				CLANG_WARN_DOCUMENTATION_COMMENTS = YES;
				CLANG_WARN_EMPTY_BODY = YES;
				CLANG_WARN_ENUM_CONVERSION = YES;
				CLANG_WARN_INFINITE_RECURSION = YES;
				CLANG_WARN_INT_CONVERSION = YES;
				CLANG_WARN_NON_LITERAL_NULL_CONVERSION = YES;
				CLANG_WARN_OBJC_IMPLICIT_RETAIN_SELF = YES;
				CLANG_WARN_OBJC_LITERAL_CONVERSION = YES;
				CLANG_WARN_OBJC_ROOT_CLASS = YES_ERROR;
				CLANG_WARN_QUOTED_INCLUDE_IN_FRAMEWORK_HEADER = YES;
				CLANG_WARN_RANGE_LOOP_ANALYSIS = YES;
				CLANG_WARN_STRICT_PROTOTYPES = YES;
				CLANG_WARN_SUSPICIOUS_MOVE = YES;
				CLANG_WARN_UNGUARDED_AVAILABILITY = YES_AGGRESSIVE;
				CLANG_WARN_UNREACHABLE_CODE = YES;
				CLANG_WARN__DUPLICATE_METHOD_MATCH = YES;
				COPY_PHASE_STRIP = NO;
				DEBUG_INFORMATION_FORMAT = dwarf;
				ENABLE_STRICT_OBJC_MSGSEND = YES;
				ENABLE_TESTABILITY = YES;
				GCC_C_LANGUAGE_STANDARD = gnu11;
				GCC_DYNAMIC_NO_PIC = NO;
				GCC_NO_COMMON_BLOCKS = YES;
				GCC_OPTIMIZATION_LEVEL = 0;
				GCC_PREPROCESSOR_DEFINITIONS = (
					"DEBUG=1",
					"$(inherited)",
				);
				GCC_WARN_64_TO_32_BIT_CONVERSION = YES;
				GCC_WARN_ABOUT_RETURN_TYPE = YES_ERROR;
				GCC_WARN_UNDECLARED_SELECTOR = YES;
				GCC_WARN_UNINITIALIZED_AUTOS = YES_AGGRESSIVE;
				GCC_WARN_UNUSED_FUNCTION = YES;
				GCC_WARN_UNUSED_VARIABLE = YES;
				IPHONEOS_DEPLOYMENT_TARGET = 16.2;
				MTL_ENABLE_DEBUG_INFO = INCLUDE_SOURCE;
				MTL_FAST_MATH = YES;
				ONLY_ACTIVE_ARCH = YES;
				SDKROOT = iphoneos;
				SWIFT_ACTIVE_COMPILATION_CONDITIONS = DEBUG;
				SWIFT_OPTIMIZATION_LEVEL = "-Onone";
			};
			name = Debug;
		};
		F37AE6CB2987C6B300F3311C /* Release */ = {
			isa = XCBuildConfiguration;
			buildSettings = {
				ALWAYS_SEARCH_USER_PATHS = NO;
				CLANG_ANALYZER_NONNULL = YES;
				CLANG_ANALYZER_NUMBER_OBJECT_CONVERSION = YES_AGGRESSIVE;
				CLANG_CXX_LANGUAGE_STANDARD = "gnu++20";
				CLANG_ENABLE_MODULES = YES;
				CLANG_ENABLE_OBJC_ARC = YES;
				CLANG_ENABLE_OBJC_WEAK = YES;
				CLANG_WARN_BLOCK_CAPTURE_AUTORELEASING = YES;
				CLANG_WARN_BOOL_CONVERSION = YES;
				CLANG_WARN_COMMA = YES;
				CLANG_WARN_CONSTANT_CONVERSION = YES;
				CLANG_WARN_DEPRECATED_OBJC_IMPLEMENTATIONS = YES;
				CLANG_WARN_DIRECT_OBJC_ISA_USAGE = YES_ERROR;
				CLANG_WARN_DOCUMENTATION_COMMENTS = YES;
				CLANG_WARN_EMPTY_BODY = YES;
				CLANG_WARN_ENUM_CONVERSION = YES;
				CLANG_WARN_INFINITE_RECURSION = YES;
				CLANG_WARN_INT_CONVERSION = YES;
				CLANG_WARN_NON_LITERAL_NULL_CONVERSION = YES;
				CLANG_WARN_OBJC_IMPLICIT_RETAIN_SELF = YES;
				CLANG_WARN_OBJC_LITERAL_CONVERSION = YES;
				CLANG_WARN_OBJC_ROOT_CLASS = YES_ERROR;
				CLANG_WARN_QUOTED_INCLUDE_IN_FRAMEWORK_HEADER = YES;
				CLANG_WARN_RANGE_LOOP_ANALYSIS = YES;
				CLANG_WARN_STRICT_PROTOTYPES = YES;
				CLANG_WARN_SUSPICIOUS_MOVE = YES;
				CLANG_WARN_UNGUARDED_AVAILABILITY = YES_AGGRESSIVE;
				CLANG_WARN_UNREACHABLE_CODE = YES;
				CLANG_WARN__DUPLICATE_METHOD_MATCH = YES;
				COPY_PHASE_STRIP = NO;
				DEBUG_INFORMATION_FORMAT = "dwarf-with-dsym";
				ENABLE_NS_ASSERTIONS = NO;
				ENABLE_STRICT_OBJC_MSGSEND = YES;
				GCC_C_LANGUAGE_STANDARD = gnu11;
				GCC_NO_COMMON_BLOCKS = YES;
				GCC_WARN_64_TO_32_BIT_CONVERSION = YES;
				GCC_WARN_ABOUT_RETURN_TYPE = YES_ERROR;
				GCC_WARN_UNDECLARED_SELECTOR = YES;
				GCC_WARN_UNINITIALIZED_AUTOS = YES_AGGRESSIVE;
				GCC_WARN_UNUSED_FUNCTION = YES;
				GCC_WARN_UNUSED_VARIABLE = YES;
				IPHONEOS_DEPLOYMENT_TARGET = 16.2;
				MTL_ENABLE_DEBUG_INFO = NO;
				MTL_FAST_MATH = YES;
				SDKROOT = iphoneos;
				SWIFT_COMPILATION_MODE = wholemodule;
				SWIFT_OPTIMIZATION_LEVEL = "-O";
				VALIDATE_PRODUCT = YES;
			};
			name = Release;
		};
		F37AE6CD2987C6B300F3311C /* Debug */ = {
			isa = XCBuildConfiguration;
			buildSettings = {
				ASSETCATALOG_COMPILER_APPICON_NAME = AppIcon;
				ASSETCATALOG_COMPILER_GLOBAL_ACCENT_COLOR_NAME = AccentColor;
				CODE_SIGN_STYLE = Automatic;
				CURRENT_PROJECT_VERSION = 1;
				DEVELOPMENT_TEAM = DWXQL5XJ47;
				FRAMEWORK_SEARCH_PATHS = (
					"$(inherited)",
					"$(PROJECT_DIR)/UyaliBeautyFaceSDKDemo",
				);
				GENERATE_INFOPLIST_FILE = YES;
				INFOPLIST_FILE = UyaliBeautyFaceSDKDemo/Info.plist;
				INFOPLIST_KEY_UIApplicationSupportsIndirectInputEvents = YES;
				INFOPLIST_KEY_UILaunchStoryboardName = LaunchScreen;
				INFOPLIST_KEY_UIMainStoryboardFile = Main;
				INFOPLIST_KEY_UISupportedInterfaceOrientations_iPad = "UIInterfaceOrientationPortrait UIInterfaceOrientationPortraitUpsideDown UIInterfaceOrientationLandscapeLeft UIInterfaceOrientationLandscapeRight";
				INFOPLIST_KEY_UISupportedInterfaceOrientations_iPhone = "UIInterfaceOrientationPortrait UIInterfaceOrientationLandscapeLeft UIInterfaceOrientationLandscapeRight";
				IPHONEOS_DEPLOYMENT_TARGET = 13.0;
				LD_RUNPATH_SEARCH_PATHS = (
					"$(inherited)",
					"@executable_path/Frameworks",
				);
				MARKETING_VERSION = 1.0;
				PRODUCT_BUNDLE_IDENTIFIER = com.uyali.UyaliBeautyFaceSDKDemo;
				PRODUCT_NAME = "$(TARGET_NAME)";
				SWIFT_EMIT_LOC_STRINGS = YES;
				SWIFT_OBJC_BRIDGING_HEADER = "UyaliBeautyFaceSDKDemo/UyaliBeautyFaceSDKDemo-Bridging-Header.h";
				SWIFT_VERSION = 5.0;
				TARGETED_DEVICE_FAMILY = "1,2";
			};
			name = Debug;
		};
		F37AE6CE2987C6B300F3311C /* Release */ = {
			isa = XCBuildConfiguration;
			buildSettings = {
				ASSETCATALOG_COMPILER_APPICON_NAME = AppIcon;
				ASSETCATALOG_COMPILER_GLOBAL_ACCENT_COLOR_NAME = AccentColor;
				CODE_SIGN_STYLE = Automatic;
				CURRENT_PROJECT_VERSION = 1;
				DEVELOPMENT_TEAM = DWXQL5XJ47;
				FRAMEWORK_SEARCH_PATHS = (
					"$(inherited)",
					"$(PROJECT_DIR)/UyaliBeautyFaceSDKDemo",
				);
				GENERATE_INFOPLIST_FILE = YES;
				INFOPLIST_FILE = UyaliBeautyFaceSDKDemo/Info.plist;
				INFOPLIST_KEY_UIApplicationSupportsIndirectInputEvents = YES;
				INFOPLIST_KEY_UILaunchStoryboardName = LaunchScreen;
				INFOPLIST_KEY_UIMainStoryboardFile = Main;
				INFOPLIST_KEY_UISupportedInterfaceOrientations_iPad = "UIInterfaceOrientationPortrait UIInterfaceOrientationPortraitUpsideDown UIInterfaceOrientationLandscapeLeft UIInterfaceOrientationLandscapeRight";
				INFOPLIST_KEY_UISupportedInterfaceOrientations_iPhone = "UIInterfaceOrientationPortrait UIInterfaceOrientationLandscapeLeft UIInterfaceOrientationLandscapeRight";
				IPHONEOS_DEPLOYMENT_TARGET = 13.0;
				LD_RUNPATH_SEARCH_PATHS = (
					"$(inherited)",
					"@executable_path/Frameworks",
				);
				MARKETING_VERSION = 1.0;
				PRODUCT_BUNDLE_IDENTIFIER = com.uyali.UyaliBeautyFaceSDKDemo;
				PRODUCT_NAME = "$(TARGET_NAME)";
				SWIFT_EMIT_LOC_STRINGS = YES;
				SWIFT_OBJC_BRIDGING_HEADER = "UyaliBeautyFaceSDKDemo/UyaliBeautyFaceSDKDemo-Bridging-Header.h";
				SWIFT_VERSION = 5.0;
				TARGETED_DEVICE_FAMILY = "1,2";
			};
			name = Release;
		};
		F37AE6D02987C6B300F3311C /* Debug */ = {
			isa = XCBuildConfiguration;
			buildSettings = {
				ALWAYS_EMBED_SWIFT_STANDARD_LIBRARIES = YES;
				BUNDLE_LOADER = "$(TEST_HOST)";
				CODE_SIGN_STYLE = Automatic;
				CURRENT_PROJECT_VERSION = 1;
				DEVELOPMENT_TEAM = DWXQL5XJ47;
				GENERATE_INFOPLIST_FILE = YES;
				IPHONEOS_DEPLOYMENT_TARGET = 16.2;
				MARKETING_VERSION = 1.0;
				PRODUCT_BUNDLE_IDENTIFIER = com.uyali.UyaliBeautyFaceSDKDemoTests;
				PRODUCT_NAME = "$(TARGET_NAME)";
				SWIFT_EMIT_LOC_STRINGS = NO;
				SWIFT_VERSION = 5.0;
				TARGETED_DEVICE_FAMILY = "1,2";
				TEST_HOST = "$(BUILT_PRODUCTS_DIR)/UyaliBeautyFaceSDKDemo.app/$(BUNDLE_EXECUTABLE_FOLDER_PATH)/UyaliBeautyFaceSDKDemo";
			};
			name = Debug;
		};
		F37AE6D12987C6B300F3311C /* Release */ = {
			isa = XCBuildConfiguration;
			buildSettings = {
				ALWAYS_EMBED_SWIFT_STANDARD_LIBRARIES = YES;
				BUNDLE_LOADER = "$(TEST_HOST)";
				CODE_SIGN_STYLE = Automatic;
				CURRENT_PROJECT_VERSION = 1;
				DEVELOPMENT_TEAM = DWXQL5XJ47;
				GENERATE_INFOPLIST_FILE = YES;
				IPHONEOS_DEPLOYMENT_TARGET = 16.2;
				MARKETING_VERSION = 1.0;
				PRODUCT_BUNDLE_IDENTIFIER = com.uyali.UyaliBeautyFaceSDKDemoTests;
				PRODUCT_NAME = "$(TARGET_NAME)";
				SWIFT_EMIT_LOC_STRINGS = NO;
				SWIFT_VERSION = 5.0;
				TARGETED_DEVICE_FAMILY = "1,2";
				TEST_HOST = "$(BUILT_PRODUCTS_DIR)/UyaliBeautyFaceSDKDemo.app/$(BUNDLE_EXECUTABLE_FOLDER_PATH)/UyaliBeautyFaceSDKDemo";
			};
			name = Release;
		};
		F37AE6D32987C6B300F3311C /* Debug */ = {
			isa = XCBuildConfiguration;
			buildSettings = {
				ALWAYS_EMBED_SWIFT_STANDARD_LIBRARIES = YES;
				CODE_SIGN_STYLE = Automatic;
				CURRENT_PROJECT_VERSION = 1;
				DEVELOPMENT_TEAM = DWXQL5XJ47;
				GENERATE_INFOPLIST_FILE = YES;
				MARKETING_VERSION = 1.0;
				PRODUCT_BUNDLE_IDENTIFIER = com.uyali.UyaliBeautyFaceSDKDemoUITests;
				PRODUCT_NAME = "$(TARGET_NAME)";
				SWIFT_EMIT_LOC_STRINGS = NO;
				SWIFT_VERSION = 5.0;
				TARGETED_DEVICE_FAMILY = "1,2";
				TEST_TARGET_NAME = UyaliBeautyFaceSDKDemo;
			};
			name = Debug;
		};
		F37AE6D42987C6B300F3311C /* Release */ = {
			isa = XCBuildConfiguration;
			buildSettings = {
				ALWAYS_EMBED_SWIFT_STANDARD_LIBRARIES = YES;
				CODE_SIGN_STYLE = Automatic;
				CURRENT_PROJECT_VERSION = 1;
				DEVELOPMENT_TEAM = DWXQL5XJ47;
				GENERATE_INFOPLIST_FILE = YES;
				MARKETING_VERSION = 1.0;
				PRODUCT_BUNDLE_IDENTIFIER = com.uyali.UyaliBeautyFaceSDKDemoUITests;
				PRODUCT_NAME = "$(TARGET_NAME)";
				SWIFT_EMIT_LOC_STRINGS = NO;
				SWIFT_VERSION = 5.0;
				TARGETED_DEVICE_FAMILY = "1,2";
				TEST_TARGET_NAME = UyaliBeautyFaceSDKDemo;
			};
			name = Release;
		};
/* End XCBuildConfiguration section */

/* Begin XCConfigurationList section */
		F37AE69D2987C6B100F3311C /* Build configuration list for PBXProject "UyaliBeautyFaceSDKDemo" */ = {
			isa = XCConfigurationList;
			buildConfigurations = (
				F37AE6CA2987C6B300F3311C /* Debug */,
				F37AE6CB2987C6B300F3311C /* Release */,
			);
			defaultConfigurationIsVisible = 0;
			defaultConfigurationName = Release;
		};
		F37AE6CC2987C6B300F3311C /* Build configuration list for PBXNativeTarget "UyaliBeautyFaceSDKDemo" */ = {
			isa = XCConfigurationList;
			buildConfigurations = (
				F37AE6CD2987C6B300F3311C /* Debug */,
				F37AE6CE2987C6B300F3311C /* Release */,
			);
			defaultConfigurationIsVisible = 0;
			defaultConfigurationName = Release;
		};
		F37AE6CF2987C6B300F3311C /* Build configuration list for PBXNativeTarget "UyaliBeautyFaceSDKDemoTests" */ = {
			isa = XCConfigurationList;
			buildConfigurations = (
				F37AE6D02987C6B300F3311C /* Debug */,
				F37AE6D12987C6B300F3311C /* Release */,
			);
			defaultConfigurationIsVisible = 0;
			defaultConfigurationName = Release;
		};
		F37AE6D22987C6B300F3311C /* Build configuration list for PBXNativeTarget "UyaliBeautyFaceSDKDemoUITests" */ = {
			isa = XCConfigurationList;
			buildConfigurations = (
				F37AE6D32987C6B300F3311C /* Debug */,
				F37AE6D42987C6B300F3311C /* Release */,
			);
			defaultConfigurationIsVisible = 0;
			defaultConfigurationName = Release;
		};
/* End XCConfigurationList section */
	};
	rootObject = F37AE69A2987C6B100F3311C /* Project object */;
}
