// !$*UTF8*$!
{
	archiveVersion = 1;
	classes = {
	};
	objectVersion = 56;
	objects = {

/* Begin PBXBuildFile section */
		F39C3F4C29ABC16900C8B236 /* BeautyFilterController.m in Sources */ = {isa = PBXBuildFile; fileRef = F39C3F4B29ABC16900C8B236 /* BeautyFilterController.m */; };
		F39C3F4F29ABC17700C8B236 /* FaceBeautyView.m in Sources */ = {isa = PBXBuildFile; fileRef = F39C3F4E29ABC17700C8B236 /* FaceBeautyView.m */; };
		F39C3F5229ABC18100C8B236 /* FaceReshapeView.m in Sources */ = {isa = PBXBuildFile; fileRef = F39C3F5129ABC18100C8B236 /* FaceReshapeView.m */; };
		F39C3F5829ABC19000C8B236 /* PFOpenGLView.m in Sources */ = {isa = PBXBuildFile; fileRef = F39C3F5429ABC19000C8B236 /* PFOpenGLView.m */; };
		F39C3F5929ABC19000C8B236 /* PFCamera.m in Sources */ = {isa = PBXBuildFile; fileRef = F39C3F5629ABC19000C8B236 /* PFCamera.m */; };
		F39C3F6329ABC90300C8B236 /* UyaliBeautyFaceSDK.framework in Frameworks */ = {isa = PBXBuildFile; fileRef = F39C3F6229ABC90300C8B236 /* UyaliBeautyFaceSDK.framework */; };
		F39C3F6629ABC91D00C8B236 /* UyaliBeautyFaceSDK.framework in CopyFiles */ = {isa = PBXBuildFile; fileRef = F39C3F6229ABC90300C8B236 /* UyaliBeautyFaceSDK.framework */; settings = {ATTRIBUTES = (CodeSignOnCopy, RemoveHeadersOnCopy, ); }; };
		F39C3F6A29ABCC2E00C8B236 /* UyaliButton.m in Sources */ = {isa = PBXBuildFile; fileRef = F39C3F6929ABCC2E00C8B236 /* UyaliButton.m */; };
		F39F33EE29ABBD730032EA99 /* AppDelegate.m in Sources */ = {isa = PBXBuildFile; fileRef = F39F33ED29ABBD730032EA99 /* AppDelegate.m */; };
		F39F33F129ABBD730032EA99 /* SceneDelegate.m in Sources */ = {isa = PBXBuildFile; fileRef = F39F33F029ABBD730032EA99 /* SceneDelegate.m */; };
		F39F33F429ABBD730032EA99 /* ViewController.m in Sources */ = {isa = PBXBuildFile; fileRef = F39F33F329ABBD730032EA99 /* ViewController.m */; };
		F39F33F729ABBD730032EA99 /* Main.storyboard in Resources */ = {isa = PBXBuildFile; fileRef = F39F33F529ABBD730032EA99 /* Main.storyboard */; };
		F39F33F929ABBD740032EA99 /* Assets.xcassets in Resources */ = {isa = PBXBuildFile; fileRef = F39F33F829ABBD740032EA99 /* Assets.xcassets */; };
		F39F33FC29ABBD740032EA99 /* LaunchScreen.storyboard in Resources */ = {isa = PBXBuildFile; fileRef = F39F33FA29ABBD740032EA99 /* LaunchScreen.storyboard */; };
		F39F33FF29ABBD740032EA99 /* main.m in Sources */ = {isa = PBXBuildFile; fileRef = F39F33FE29ABBD740032EA99 /* main.m */; };
		F39F340929ABBD750032EA99 /* UyaliBeautyFaceSDKDemo_OCTests.m in Sources */ = {isa = PBXBuildFile; fileRef = F39F340829ABBD750032EA99 /* UyaliBeautyFaceSDKDemo_OCTests.m */; };
		F39F341329ABBD750032EA99 /* UyaliBeautyFaceSDKDemo_OCUITests.m in Sources */ = {isa = PBXBuildFile; fileRef = F39F341229ABBD750032EA99 /* UyaliBeautyFaceSDKDemo_OCUITests.m */; };
		F39F341529ABBD750032EA99 /* UyaliBeautyFaceSDKDemo_OCUITestsLaunchTests.m in Sources */ = {isa = PBXBuildFile; fileRef = F39F341429ABBD750032EA99 /* UyaliBeautyFaceSDKDemo_OCUITestsLaunchTests.m */; };
/* End PBXBuildFile section */

/* Begin PBXContainerItemProxy section */
		F39F340529ABBD750032EA99 /* PBXContainerItemProxy */ = {
			isa = PBXContainerItemProxy;
			containerPortal = F39F33E129ABBD730032EA99 /* Project object */;
			proxyType = 1;
			remoteGlobalIDString = F39F33E829ABBD730032EA99;
			remoteInfo = "UyaliBeautyFaceSDKDemo-OC";
		};
		F39F340F29ABBD750032EA99 /* PBXContainerItemProxy */ = {
			isa = PBXContainerItemProxy;
			containerPortal = F39F33E129ABBD730032EA99 /* Project object */;
			proxyType = 1;
			remoteGlobalIDString = F39F33E829ABBD730032EA99;
			remoteInfo = "UyaliBeautyFaceSDKDemo-OC";
		};
/* End PBXContainerItemProxy section */

/* Begin PBXCopyFilesBuildPhase section */
		F39F342329ABBDA00032EA99 /* CopyFiles */ = {
			isa = PBXCopyFilesBuildPhase;
			buildActionMask = 2147483647;
			dstPath = "";
			dstSubfolderSpec = 10;
			files = (
				F39C3F6629ABC91D00C8B236 /* UyaliBeautyFaceSDK.framework in CopyFiles */,
			);
			runOnlyForDeploymentPostprocessing = 0;
		};
/* End PBXCopyFilesBuildPhase section */

/* Begin PBXFileReference section */
		F39C3F4A29ABC16900C8B236 /* BeautyFilterController.h */ = {isa = PBXFileReference; lastKnownFileType = sourcecode.c.h; path = BeautyFilterController.h; sourceTree = "<group>"; };
		F39C3F4B29ABC16900C8B236 /* BeautyFilterController.m */ = {isa = PBXFileReference; lastKnownFileType = sourcecode.c.objc; path = BeautyFilterController.m; sourceTree = "<group>"; };
		F39C3F4D29ABC17700C8B236 /* FaceBeautyView.h */ = {isa = PBXFileReference; lastKnownFileType = sourcecode.c.h; path = FaceBeautyView.h; sourceTree = "<group>"; };
		F39C3F4E29ABC17700C8B236 /* FaceBeautyView.m */ = {isa = PBXFileReference; lastKnownFileType = sourcecode.c.objc; path = FaceBeautyView.m; sourceTree = "<group>"; };
		F39C3F5029ABC18100C8B236 /* FaceReshapeView.h */ = {isa = PBXFileReference; lastKnownFileType = sourcecode.c.h; path = FaceReshapeView.h; sourceTree = "<group>"; };
		F39C3F5129ABC18100C8B236 /* FaceReshapeView.m */ = {isa = PBXFileReference; lastKnownFileType = sourcecode.c.objc; path = FaceReshapeView.m; sourceTree = "<group>"; };
		F39C3F5429ABC19000C8B236 /* PFOpenGLView.m */ = {isa = PBXFileReference; fileEncoding = 4; lastKnownFileType = sourcecode.c.objc; path = PFOpenGLView.m; sourceTree = "<group>"; };
		F39C3F5529ABC19000C8B236 /* PFCamera.h */ = {isa = PBXFileReference; fileEncoding = 4; lastKnownFileType = sourcecode.c.h; path = PFCamera.h; sourceTree = "<group>"; };
		F39C3F5629ABC19000C8B236 /* PFCamera.m */ = {isa = PBXFileReference; fileEncoding = 4; lastKnownFileType = sourcecode.c.objc; path = PFCamera.m; sourceTree = "<group>"; };
		F39C3F5729ABC19000C8B236 /* PFOpenGLView.h */ = {isa = PBXFileReference; fileEncoding = 4; lastKnownFileType = sourcecode.c.h; path = PFOpenGLView.h; sourceTree = "<group>"; };
		F39C3F5A29ABC27D00C8B236 /* Header.h */ = {isa = PBXFileReference; lastKnownFileType = sourcecode.c.h; path = Header.h; sourceTree = "<group>"; };
		F39C3F5B29ABC31C00C8B236 /* PrefixHeader.pch */ = {isa = PBXFileReference; lastKnownFileType = sourcecode.c.h; path = PrefixHeader.pch; sourceTree = "<group>"; };
		F39C3F6229ABC90300C8B236 /* UyaliBeautyFaceSDK.framework */ = {isa = PBXFileReference; lastKnownFileType = wrapper.framework; path = UyaliBeautyFaceSDK.framework; sourceTree = "<group>"; };
		F39C3F6829ABCC2E00C8B236 /* UyaliButton.h */ = {isa = PBXFileReference; lastKnownFileType = sourcecode.c.h; path = UyaliButton.h; sourceTree = "<group>"; };
		F39C3F6929ABCC2E00C8B236 /* UyaliButton.m */ = {isa = PBXFileReference; lastKnownFileType = sourcecode.c.objc; path = UyaliButton.m; sourceTree = "<group>"; };
		F39F33E929ABBD730032EA99 /* UyaliBeautyFaceSDKDemo-OC.app */ = {isa = PBXFileReference; explicitFileType = wrapper.application; includeInIndex = 0; path = "UyaliBeautyFaceSDKDemo-OC.app"; sourceTree = BUILT_PRODUCTS_DIR; };
		F39F33EC29ABBD730032EA99 /* AppDelegate.h */ = {isa = PBXFileReference; lastKnownFileType = sourcecode.c.h; path = AppDelegate.h; sourceTree = "<group>"; };
		F39F33ED29ABBD730032EA99 /* AppDelegate.m */ = {isa = PBXFileReference; lastKnownFileType = sourcecode.c.objc; path = AppDelegate.m; sourceTree = "<group>"; };
		F39F33EF29ABBD730032EA99 /* SceneDelegate.h */ = {isa = PBXFileReference; lastKnownFileType = sourcecode.c.h; path = SceneDelegate.h; sourceTree = "<group>"; };
		F39F33F029ABBD730032EA99 /* SceneDelegate.m */ = {isa = PBXFileReference; lastKnownFileType = sourcecode.c.objc; path = SceneDelegate.m; sourceTree = "<group>"; };
		F39F33F229ABBD730032EA99 /* ViewController.h */ = {isa = PBXFileReference; lastKnownFileType = sourcecode.c.h; path = ViewController.h; sourceTree = "<group>"; };
		F39F33F329ABBD730032EA99 /* ViewController.m */ = {isa = PBXFileReference; lastKnownFileType = sourcecode.c.objc; path = ViewController.m; sourceTree = "<group>"; };
		F39F33F629ABBD730032EA99 /* Base */ = {isa = PBXFileReference; lastKnownFileType = file.storyboard; name = Base; path = Base.lproj/Main.storyboard; sourceTree = "<group>"; };
		F39F33F829ABBD740032EA99 /* Assets.xcassets */ = {isa = PBXFileReference; lastKnownFileType = folder.assetcatalog; path = Assets.xcassets; sourceTree = "<group>"; };
		F39F33FB29ABBD740032EA99 /* Base */ = {isa = PBXFileReference; lastKnownFileType = file.storyboard; name = Base; path = Base.lproj/LaunchScreen.storyboard; sourceTree = "<group>"; };
		F39F33FD29ABBD740032EA99 /* Info.plist */ = {isa = PBXFileReference; lastKnownFileType = text.plist.xml; path = Info.plist; sourceTree = "<group>"; };
		F39F33FE29ABBD740032EA99 /* main.m */ = {isa = PBXFileReference; lastKnownFileType = sourcecode.c.objc; path = main.m; sourceTree = "<group>"; };
		F39F340429ABBD750032EA99 /* UyaliBeautyFaceSDKDemo-OCTests.xctest */ = {isa = PBXFileReference; explicitFileType = wrapper.cfbundle; includeInIndex = 0; path = "UyaliBeautyFaceSDKDemo-OCTests.xctest"; sourceTree = BUILT_PRODUCTS_DIR; };
		F39F340829ABBD750032EA99 /* UyaliBeautyFaceSDKDemo_OCTests.m */ = {isa = PBXFileReference; lastKnownFileType = sourcecode.c.objc; path = UyaliBeautyFaceSDKDemo_OCTests.m; sourceTree = "<group>"; };
		F39F340E29ABBD750032EA99 /* UyaliBeautyFaceSDKDemo-OCUITests.xctest */ = {isa = PBXFileReference; explicitFileType = wrapper.cfbundle; includeInIndex = 0; path = "UyaliBeautyFaceSDKDemo-OCUITests.xctest"; sourceTree = BUILT_PRODUCTS_DIR; };
		F39F341229ABBD750032EA99 /* UyaliBeautyFaceSDKDemo_OCUITests.m */ = {isa = PBXFileReference; lastKnownFileType = sourcecode.c.objc; path = UyaliBeautyFaceSDKDemo_OCUITests.m; sourceTree = "<group>"; };
		F39F341429ABBD750032EA99 /* UyaliBeautyFaceSDKDemo_OCUITestsLaunchTests.m */ = {isa = PBXFileReference; lastKnownFileType = sourcecode.c.objc; path = UyaliBeautyFaceSDKDemo_OCUITestsLaunchTests.m; sourceTree = "<group>"; };
/* End PBXFileReference section */

/* Begin PBXFrameworksBuildPhase section */
		F39F33E629ABBD730032EA99 /* Frameworks */ = {
			isa = PBXFrameworksBuildPhase;
			buildActionMask = 2147483647;
			files = (
				F39C3F6329ABC90300C8B236 /* UyaliBeautyFaceSDK.framework in Frameworks */,
			);
			runOnlyForDeploymentPostprocessing = 0;
		};
		F39F340129ABBD750032EA99 /* Frameworks */ = {
			isa = PBXFrameworksBuildPhase;
			buildActionMask = 2147483647;
			files = (
			);
			runOnlyForDeploymentPostprocessing = 0;
		};
		F39F340B29ABBD750032EA99 /* Frameworks */ = {
			isa = PBXFrameworksBuildPhase;
			buildActionMask = 2147483647;
			files = (
			);
			runOnlyForDeploymentPostprocessing = 0;
		};
/* End PBXFrameworksBuildPhase section */

/* Begin PBXGroup section */
		F39C3F4929ABC15700C8B236 /* 美颜 */ = {
			isa = PBXGroup;
			children = (
				F39C3F4A29ABC16900C8B236 /* BeautyFilterController.h */,
				F39C3F4B29ABC16900C8B236 /* BeautyFilterController.m */,
				F39C3F4D29ABC17700C8B236 /* FaceBeautyView.h */,
				F39C3F4E29ABC17700C8B236 /* FaceBeautyView.m */,
				F39C3F5029ABC18100C8B236 /* FaceReshapeView.h */,
				F39C3F5129ABC18100C8B236 /* FaceReshapeView.m */,
				F39C3F6829ABCC2E00C8B236 /* UyaliButton.h */,
				F39C3F6929ABCC2E00C8B236 /* UyaliButton.m */,
			);
			path = "美颜";
			sourceTree = "<group>";
		};
		F39C3F5329ABC19000C8B236 /* 相机 */ = {
			isa = PBXGroup;
			children = (
				F39C3F5429ABC19000C8B236 /* PFOpenGLView.m */,
				F39C3F5529ABC19000C8B236 /* PFCamera.h */,
				F39C3F5629ABC19000C8B236 /* PFCamera.m */,
				F39C3F5729ABC19000C8B236 /* PFOpenGLView.h */,
			);
			name = "相机";
			path = "../../UyaliBeautyFaceSDKDemo/UyaliBeautyFaceSDKDemo/相机";
			sourceTree = "<group>";
		};
		F39F33E029ABBD730032EA99 = {
			isa = PBXGroup;
			children = (
				F39F33EB29ABBD730032EA99 /* UyaliBeautyFaceSDKDemo-OC */,
				F39F340729ABBD750032EA99 /* UyaliBeautyFaceSDKDemo-OCTests */,
				F39F341129ABBD750032EA99 /* UyaliBeautyFaceSDKDemo-OCUITests */,
				F39F33EA29ABBD730032EA99 /* Products */,
			);
			sourceTree = "<group>";
		};
		F39F33EA29ABBD730032EA99 /* Products */ = {
			isa = PBXGroup;
			children = (
				F39F33E929ABBD730032EA99 /* UyaliBeautyFaceSDKDemo-OC.app */,
				F39F340429ABBD750032EA99 /* UyaliBeautyFaceSDKDemo-OCTests.xctest */,
				F39F340E29ABBD750032EA99 /* UyaliBeautyFaceSDKDemo-OCUITests.xctest */,
			);
			name = Products;
			sourceTree = "<group>";
		};
		F39F33EB29ABBD730032EA99 /* UyaliBeautyFaceSDKDemo-OC */ = {
			isa = PBXGroup;
			children = (
				F39C3F6229ABC90300C8B236 /* UyaliBeautyFaceSDK.framework */,
				F39C3F5B29ABC31C00C8B236 /* PrefixHeader.pch */,
				F39C3F5A29ABC27D00C8B236 /* Header.h */,
				F39F33EC29ABBD730032EA99 /* AppDelegate.h */,
				F39F33ED29ABBD730032EA99 /* AppDelegate.m */,
				F39F33EF29ABBD730032EA99 /* SceneDelegate.h */,
				F39F33F029ABBD730032EA99 /* SceneDelegate.m */,
				F39F33F229ABBD730032EA99 /* ViewController.h */,
				F39F33F329ABBD730032EA99 /* ViewController.m */,
				F39C3F4929ABC15700C8B236 /* 美颜 */,
				F39C3F5329ABC19000C8B236 /* 相机 */,
				F39F33F529ABBD730032EA99 /* Main.storyboard */,
				F39F33F829ABBD740032EA99 /* Assets.xcassets */,
				F39F33FA29ABBD740032EA99 /* LaunchScreen.storyboard */,
				F39F33FD29ABBD740032EA99 /* Info.plist */,
				F39F33FE29ABBD740032EA99 /* main.m */,
			);
			path = "UyaliBeautyFaceSDKDemo-OC";
			sourceTree = "<group>";
		};
		F39F340729ABBD750032EA99 /* UyaliBeautyFaceSDKDemo-OCTests */ = {
			isa = PBXGroup;
			children = (
				F39F340829ABBD750032EA99 /* UyaliBeautyFaceSDKDemo_OCTests.m */,
			);
			path = "UyaliBeautyFaceSDKDemo-OCTests";
			sourceTree = "<group>";
		};
		F39F341129ABBD750032EA99 /* UyaliBeautyFaceSDKDemo-OCUITests */ = {
			isa = PBXGroup;
			children = (
				F39F341229ABBD750032EA99 /* UyaliBeautyFaceSDKDemo_OCUITests.m */,
				F39F341429ABBD750032EA99 /* UyaliBeautyFaceSDKDemo_OCUITestsLaunchTests.m */,
			);
			path = "UyaliBeautyFaceSDKDemo-OCUITests";
			sourceTree = "<group>";
		};
/* End PBXGroup section */

/* Begin PBXNativeTarget section */
		F39F33E829ABBD730032EA99 /* UyaliBeautyFaceSDKDemo-OC */ = {
			isa = PBXNativeTarget;
			buildConfigurationList = F39F341829ABBD750032EA99 /* Build configuration list for PBXNativeTarget "UyaliBeautyFaceSDKDemo-OC" */;
			buildPhases = (
				F39F33E529ABBD730032EA99 /* Sources */,
				F39F33E629ABBD730032EA99 /* Frameworks */,
				F39F33E729ABBD730032EA99 /* Resources */,
				F39F342329ABBDA00032EA99 /* CopyFiles */,
			);
			buildRules = (
			);
			dependencies = (
			);
			name = "UyaliBeautyFaceSDKDemo-OC";
			productName = "UyaliBeautyFaceSDKDemo-OC";
			productReference = F39F33E929ABBD730032EA99 /* UyaliBeautyFaceSDKDemo-OC.app */;
			productType = "com.apple.product-type.application";
		};
		F39F340329ABBD750032EA99 /* UyaliBeautyFaceSDKDemo-OCTests */ = {
			isa = PBXNativeTarget;
			buildConfigurationList = F39F341B29ABBD750032EA99 /* Build configuration list for PBXNativeTarget "UyaliBeautyFaceSDKDemo-OCTests" */;
			buildPhases = (
				F39F340029ABBD750032EA99 /* Sources */,
				F39F340129ABBD750032EA99 /* Frameworks */,
				F39F340229ABBD750032EA99 /* Resources */,
			);
			buildRules = (
			);
			dependencies = (
				F39F340629ABBD750032EA99 /* PBXTargetDependency */,
			);
			name = "UyaliBeautyFaceSDKDemo-OCTests";
			productName = "UyaliBeautyFaceSDKDemo-OCTests";
			productReference = F39F340429ABBD750032EA99 /* UyaliBeautyFaceSDKDemo-OCTests.xctest */;
			productType = "com.apple.product-type.bundle.unit-test";
		};
		F39F340D29ABBD750032EA99 /* UyaliBeautyFaceSDKDemo-OCUITests */ = {
			isa = PBXNativeTarget;
			buildConfigurationList = F39F341E29ABBD750032EA99 /* Build configuration list for PBXNativeTarget "UyaliBeautyFaceSDKDemo-OCUITests" */;
			buildPhases = (
				F39F340A29ABBD750032EA99 /* Sources */,
				F39F340B29ABBD750032EA99 /* Frameworks */,
				F39F340C29ABBD750032EA99 /* Resources */,
			);
			buildRules = (
			);
			dependencies = (
				F39F341029ABBD750032EA99 /* PBXTargetDependency */,
			);
			name = "UyaliBeautyFaceSDKDemo-OCUITests";
			productName = "UyaliBeautyFaceSDKDemo-OCUITests";
			productReference = F39F340E29ABBD750032EA99 /* UyaliBeautyFaceSDKDemo-OCUITests.xctest */;
			productType = "com.apple.product-type.bundle.ui-testing";
		};
/* End PBXNativeTarget section */

/* Begin PBXProject section */
		F39F33E129ABBD730032EA99 /* Project object */ = {
			isa = PBXProject;
			attributes = {
				BuildIndependentTargetsInParallel = 1;
				LastUpgradeCheck = 1420;
				TargetAttributes = {
					F39F33E829ABBD730032EA99 = {
						CreatedOnToolsVersion = 14.2;
					};
					F39F340329ABBD750032EA99 = {
						CreatedOnToolsVersion = 14.2;
						TestTargetID = F39F33E829ABBD730032EA99;
					};
					F39F340D29ABBD750032EA99 = {
						CreatedOnToolsVersion = 14.2;
						TestTargetID = F39F33E829ABBD730032EA99;
					};
				};
			};
			buildConfigurationList = F39F33E429ABBD730032EA99 /* Build configuration list for PBXProject "UyaliBeautyFaceSDKDemo-OC" */;
			compatibilityVersion = "Xcode 14.0";
			developmentRegion = en;
			hasScannedForEncodings = 0;
			knownRegions = (
				en,
				Base,
			);
			mainGroup = F39F33E029ABBD730032EA99;
			productRefGroup = F39F33EA29ABBD730032EA99 /* Products */;
			projectDirPath = "";
			projectRoot = "";
			targets = (
				F39F33E829ABBD730032EA99 /* UyaliBeautyFaceSDKDemo-OC */,
				F39F340329ABBD750032EA99 /* UyaliBeautyFaceSDKDemo-OCTests */,
				F39F340D29ABBD750032EA99 /* UyaliBeautyFaceSDKDemo-OCUITests */,
			);
		};
/* End PBXProject section */

/* Begin PBXResourcesBuildPhase section */
		F39F33E729ABBD730032EA99 /* Resources */ = {
			isa = PBXResourcesBuildPhase;
			buildActionMask = 2147483647;
			files = (
				F39F33FC29ABBD740032EA99 /* LaunchScreen.storyboard in Resources */,
				F39F33F929ABBD740032EA99 /* Assets.xcassets in Resources */,
				F39F33F729ABBD730032EA99 /* Main.storyboard in Resources */,
			);
			runOnlyForDeploymentPostprocessing = 0;
		};
		F39F340229ABBD750032EA99 /* Resources */ = {
			isa = PBXResourcesBuildPhase;
			buildActionMask = 2147483647;
			files = (
			);
			runOnlyForDeploymentPostprocessing = 0;
		};
		F39F340C29ABBD750032EA99 /* Resources */ = {
			isa = PBXResourcesBuildPhase;
			buildActionMask = 2147483647;
			files = (
			);
			runOnlyForDeploymentPostprocessing = 0;
		};
/* End PBXResourcesBuildPhase section */

/* Begin PBXSourcesBuildPhase section */
		F39F33E529ABBD730032EA99 /* Sources */ = {
			isa = PBXSourcesBuildPhase;
			buildActionMask = 2147483647;
			files = (
				F39C3F4C29ABC16900C8B236 /* BeautyFilterController.m in Sources */,
				F39F33F429ABBD730032EA99 /* ViewController.m in Sources */,
				F39F33EE29ABBD730032EA99 /* AppDelegate.m in Sources */,
				F39C3F4F29ABC17700C8B236 /* FaceBeautyView.m in Sources */,
				F39F33FF29ABBD740032EA99 /* main.m in Sources */,
				F39F33F129ABBD730032EA99 /* SceneDelegate.m in Sources */,
				F39C3F5929ABC19000C8B236 /* PFCamera.m in Sources */,
				F39C3F5229ABC18100C8B236 /* FaceReshapeView.m in Sources */,
				F39C3F6A29ABCC2E00C8B236 /* UyaliButton.m in Sources */,
				F39C3F5829ABC19000C8B236 /* PFOpenGLView.m in Sources */,
			);
			runOnlyForDeploymentPostprocessing = 0;
		};
		F39F340029ABBD750032EA99 /* Sources */ = {
			isa = PBXSourcesBuildPhase;
			buildActionMask = 2147483647;
			files = (
				F39F340929ABBD750032EA99 /* UyaliBeautyFaceSDKDemo_OCTests.m in Sources */,
			);
			runOnlyForDeploymentPostprocessing = 0;
		};
		F39F340A29ABBD750032EA99 /* Sources */ = {
			isa = PBXSourcesBuildPhase;
			buildActionMask = 2147483647;
			files = (
				F39F341529ABBD750032EA99 /* UyaliBeautyFaceSDKDemo_OCUITestsLaunchTests.m in Sources */,
				F39F341329ABBD750032EA99 /* UyaliBeautyFaceSDKDemo_OCUITests.m in Sources */,
			);
			runOnlyForDeploymentPostprocessing = 0;
		};
/* End PBXSourcesBuildPhase section */

/* Begin PBXTargetDependency section */
		F39F340629ABBD750032EA99 /* PBXTargetDependency */ = {
			isa = PBXTargetDependency;
			target = F39F33E829ABBD730032EA99 /* UyaliBeautyFaceSDKDemo-OC */;
			targetProxy = F39F340529ABBD750032EA99 /* PBXContainerItemProxy */;
		};
		F39F341029ABBD750032EA99 /* PBXTargetDependency */ = {
			isa = PBXTargetDependency;
			target = F39F33E829ABBD730032EA99 /* UyaliBeautyFaceSDKDemo-OC */;
			targetProxy = F39F340F29ABBD750032EA99 /* PBXContainerItemProxy */;
		};
/* End PBXTargetDependency section */

/* Begin PBXVariantGroup section */
		F39F33F529ABBD730032EA99 /* Main.storyboard */ = {
			isa = PBXVariantGroup;
			children = (
				F39F33F629ABBD730032EA99 /* Base */,
			);
			name = Main.storyboard;
			sourceTree = "<group>";
		};
		F39F33FA29ABBD740032EA99 /* LaunchScreen.storyboard */ = {
			isa = PBXVariantGroup;
			children = (
				F39F33FB29ABBD740032EA99 /* Base */,
			);
			name = LaunchScreen.storyboard;
			sourceTree = "<group>";
		};
/* End PBXVariantGroup section */

/* Begin XCBuildConfiguration section */
		F39F341629ABBD750032EA99 /* Debug */ = {
			isa = XCBuildConfiguration;
			buildSettings = {
				ALWAYS_SEARCH_USER_PATHS = NO;
				CLANG_ANALYZER_NONNULL = YES;
				CLANG_ANALYZER_NUMBER_OBJECT_CONVERSION = YES_AGGRESSIVE;
				CLANG_CXX_LANGUAGE_STANDARD = "gnu++20";
				CLANG_ENABLE_MODULES = YES;
				CLANG_ENABLE_OBJC_ARC = YES;
				CLANG_ENABLE_OBJC_WEAK = YES;
				CLANG_WARN_BLOCK_CAPTURE_AUTORELEASING = YES;
				CLANG_WARN_BOOL_CONVERSION = YES;
				CLANG_WARN_COMMA = YES;
				CLANG_WARN_CONSTANT_CONVERSION = YES;
				CLANG_WARN_DEPRECATED_OBJC_IMPLEMENTATIONS = YES;
				CLANG_WARN_DIRECT_OBJC_ISA_USAGE = YES_ERROR;
				CLANG_WARN_DOCUMENTATION_COMMENTS = YES;
				CLANG_WARN_EMPTY_BODY = YES;
				CLANG_WARN_ENUM_CONVERSION = YES;
				CLANG_WARN_INFINITE_RECURSION = YES;
				CLANG_WARN_INT_CONVERSION = YES;
				CLANG_WARN_NON_LITERAL_NULL_CONVERSION = YES;
				CLANG_WARN_OBJC_IMPLICIT_RETAIN_SELF = YES;
				CLANG_WARN_OBJC_LITERAL_CONVERSION = YES;
				CLANG_WARN_OBJC_ROOT_CLASS = YES_ERROR;
				CLANG_WARN_QUOTED_INCLUDE_IN_FRAMEWORK_HEADER = YES;
				CLANG_WARN_RANGE_LOOP_ANALYSIS = YES;
				CLANG_WARN_STRICT_PROTOTYPES = YES;
				CLANG_WARN_SUSPICIOUS_MOVE = YES;
				CLANG_WARN_UNGUARDED_AVAILABILITY = YES_AGGRESSIVE;
				CLANG_WARN_UNREACHABLE_CODE = YES;
				CLANG_WARN__DUPLICATE_METHOD_MATCH = YES;
				COPY_PHASE_STRIP = NO;
				DEBUG_INFORMATION_FORMAT = dwarf;
				ENABLE_STRICT_OBJC_MSGSEND = YES;
				ENABLE_TESTABILITY = YES;
				GCC_C_LANGUAGE_STANDARD = gnu11;
				GCC_DYNAMIC_NO_PIC = NO;
				GCC_NO_COMMON_BLOCKS = YES;
				GCC_OPTIMIZATION_LEVEL = 0;
				GCC_PREPROCESSOR_DEFINITIONS = (
					"DEBUG=1",
					"$(inherited)",
				);
				GCC_WARN_64_TO_32_BIT_CONVERSION = YES;
				GCC_WARN_ABOUT_RETURN_TYPE = YES_ERROR;
				GCC_WARN_UNDECLARED_SELECTOR = YES;
				GCC_WARN_UNINITIALIZED_AUTOS = YES_AGGRESSIVE;
				GCC_WARN_UNUSED_FUNCTION = YES;
				GCC_WARN_UNUSED_VARIABLE = YES;
				IPHONEOS_DEPLOYMENT_TARGET = 16.2;
				MTL_ENABLE_DEBUG_INFO = INCLUDE_SOURCE;
				MTL_FAST_MATH = YES;
				ONLY_ACTIVE_ARCH = YES;
				SDKROOT = iphoneos;
			};
			name = Debug;
		};
		F39F341729ABBD750032EA99 /* Release */ = {
			isa = XCBuildConfiguration;
			buildSettings = {
				ALWAYS_SEARCH_USER_PATHS = NO;
				CLANG_ANALYZER_NONNULL = YES;
				CLANG_ANALYZER_NUMBER_OBJECT_CONVERSION = YES_AGGRESSIVE;
				CLANG_CXX_LANGUAGE_STANDARD = "gnu++20";
				CLANG_ENABLE_MODULES = YES;
				CLANG_ENABLE_OBJC_ARC = YES;
				CLANG_ENABLE_OBJC_WEAK = YES;
				CLANG_WARN_BLOCK_CAPTURE_AUTORELEASING = YES;
				CLANG_WARN_BOOL_CONVERSION = YES;
				CLANG_WARN_COMMA = YES;
				CLANG_WARN_CONSTANT_CONVERSION = YES;
				CLANG_WARN_DEPRECATED_OBJC_IMPLEMENTATIONS = YES;
				CLANG_WARN_DIRECT_OBJC_ISA_USAGE = YES_ERROR;
				CLANG_WARN_DOCUMENTATION_COMMENTS = YES;
				CLANG_WARN_EMPTY_BODY = YES;
				CLANG_WARN_ENUM_CONVERSION = YES;
				CLANG_WARN_INFINITE_RECURSION = YES;
				CLANG_WARN_INT_CONVERSION = YES;
				CLANG_WARN_NON_LITERAL_NULL_CONVERSION = YES;
				CLANG_WARN_OBJC_IMPLICIT_RETAIN_SELF = YES;
				CLANG_WARN_OBJC_LITERAL_CONVERSION = YES;
				CLANG_WARN_OBJC_ROOT_CLASS = YES_ERROR;
				CLANG_WARN_QUOTED_INCLUDE_IN_FRAMEWORK_HEADER = YES;
				CLANG_WARN_RANGE_LOOP_ANALYSIS = YES;
				CLANG_WARN_STRICT_PROTOTYPES = YES;
				CLANG_WARN_SUSPICIOUS_MOVE = YES;
				CLANG_WARN_UNGUARDED_AVAILABILITY = YES_AGGRESSIVE;
				CLANG_WARN_UNREACHABLE_CODE = YES;
				CLANG_WARN__DUPLICATE_METHOD_MATCH = YES;
				COPY_PHASE_STRIP = NO;
				DEBUG_INFORMATION_FORMAT = "dwarf-with-dsym";
				ENABLE_NS_ASSERTIONS = NO;
				ENABLE_STRICT_OBJC_MSGSEND = YES;
				GCC_C_LANGUAGE_STANDARD = gnu11;
				GCC_NO_COMMON_BLOCKS = YES;
				GCC_WARN_64_TO_32_BIT_CONVERSION = YES;
				GCC_WARN_ABOUT_RETURN_TYPE = YES_ERROR;
				GCC_WARN_UNDECLARED_SELECTOR = YES;
				GCC_WARN_UNINITIALIZED_AUTOS = YES_AGGRESSIVE;
				GCC_WARN_UNUSED_FUNCTION = YES;
				GCC_WARN_UNUSED_VARIABLE = YES;
				IPHONEOS_DEPLOYMENT_TARGET = 16.2;
				MTL_ENABLE_DEBUG_INFO = NO;
				MTL_FAST_MATH = YES;
				SDKROOT = iphoneos;
				VALIDATE_PRODUCT = YES;
			};
			name = Release;
		};
		F39F341929ABBD750032EA99 /* Debug */ = {
			isa = XCBuildConfiguration;
			buildSettings = {
				ASSETCATALOG_COMPILER_APPICON_NAME = AppIcon;
				ASSETCATALOG_COMPILER_GLOBAL_ACCENT_COLOR_NAME = AccentColor;
				CODE_SIGN_STYLE = Automatic;
				CURRENT_PROJECT_VERSION = 1;
				DEVELOPMENT_TEAM = DWXQL5XJ47;
				FRAMEWORK_SEARCH_PATHS = (
					"$(inherited)",
					"$(PROJECT_DIR)/UyaliBeautyFaceSDKDemo-OC",
				);
				GCC_PREFIX_HEADER = "$(SRCROOT)/UyaliBeautyFaceSDKDemo-OC/PrefixHeader.pch";
				GENERATE_INFOPLIST_FILE = YES;
				INFOPLIST_FILE = "UyaliBeautyFaceSDKDemo-OC/Info.plist";
				INFOPLIST_KEY_UIApplicationSupportsIndirectInputEvents = YES;
				INFOPLIST_KEY_UILaunchStoryboardName = LaunchScreen;
				INFOPLIST_KEY_UIMainStoryboardFile = Main;
				INFOPLIST_KEY_UISupportedInterfaceOrientations_iPad = "UIInterfaceOrientationPortrait UIInterfaceOrientationPortraitUpsideDown UIInterfaceOrientationLandscapeLeft UIInterfaceOrientationLandscapeRight";
				INFOPLIST_KEY_UISupportedInterfaceOrientations_iPhone = "UIInterfaceOrientationPortrait UIInterfaceOrientationLandscapeLeft UIInterfaceOrientationLandscapeRight";
				IPHONEOS_DEPLOYMENT_TARGET = 13.0;
				LD_RUNPATH_SEARCH_PATHS = (
					"$(inherited)",
					"@executable_path/Frameworks",
				);
				MARKETING_VERSION = 1.0;
				PRODUCT_BUNDLE_IDENTIFIER = "com.uyali.UyaliBeautyFaceSDKDemo-OC";
				PRODUCT_NAME = "$(TARGET_NAME)";
				SWIFT_EMIT_LOC_STRINGS = YES;
				TARGETED_DEVICE_FAMILY = "1,2";
			};
			name = Debug;
		};
		F39F341A29ABBD750032EA99 /* Release */ = {
			isa = XCBuildConfiguration;
			buildSettings = {
				ASSETCATALOG_COMPILER_APPICON_NAME = AppIcon;
				ASSETCATALOG_COMPILER_GLOBAL_ACCENT_COLOR_NAME = AccentColor;
				CODE_SIGN_STYLE = Automatic;
				CURRENT_PROJECT_VERSION = 1;
				DEVELOPMENT_TEAM = DWXQL5XJ47;
				FRAMEWORK_SEARCH_PATHS = (
					"$(inherited)",
					"$(PROJECT_DIR)/UyaliBeautyFaceSDKDemo-OC",
				);
				GCC_PREFIX_HEADER = "$(SRCROOT)/UyaliBeautyFaceSDKDemo-OC/PrefixHeader.pch";
				GENERATE_INFOPLIST_FILE = YES;
				INFOPLIST_FILE = "UyaliBeautyFaceSDKDemo-OC/Info.plist";
				INFOPLIST_KEY_UIApplicationSupportsIndirectInputEvents = YES;
				INFOPLIST_KEY_UILaunchStoryboardName = LaunchScreen;
				INFOPLIST_KEY_UIMainStoryboardFile = Main;
				INFOPLIST_KEY_UISupportedInterfaceOrientations_iPad = "UIInterfaceOrientationPortrait UIInterfaceOrientationPortraitUpsideDown UIInterfaceOrientationLandscapeLeft UIInterfaceOrientationLandscapeRight";
				INFOPLIST_KEY_UISupportedInterfaceOrientations_iPhone = "UIInterfaceOrientationPortrait UIInterfaceOrientationLandscapeLeft UIInterfaceOrientationLandscapeRight";
				IPHONEOS_DEPLOYMENT_TARGET = 13.0;
				LD_RUNPATH_SEARCH_PATHS = (
					"$(inherited)",
					"@executable_path/Frameworks",
				);
				MARKETING_VERSION = 1.0;
				PRODUCT_BUNDLE_IDENTIFIER = "com.uyali.UyaliBeautyFaceSDKDemo-OC";
				PRODUCT_NAME = "$(TARGET_NAME)";
				SWIFT_EMIT_LOC_STRINGS = YES;
				TARGETED_DEVICE_FAMILY = "1,2";
			};
			name = Release;
		};
		F39F341C29ABBD750032EA99 /* Debug */ = {
			isa = XCBuildConfiguration;
			buildSettings = {
				BUNDLE_LOADER = "$(TEST_HOST)";
				CODE_SIGN_STYLE = Automatic;
				CURRENT_PROJECT_VERSION = 1;
				DEVELOPMENT_TEAM = DWXQL5XJ47;
				GENERATE_INFOPLIST_FILE = YES;
				IPHONEOS_DEPLOYMENT_TARGET = 16.2;
				MARKETING_VERSION = 1.0;
				PRODUCT_BUNDLE_IDENTIFIER = "com.uyali.UyaliBeautyFaceSDKDemo-OCTests";
				PRODUCT_NAME = "$(TARGET_NAME)";
				SWIFT_EMIT_LOC_STRINGS = NO;
				TARGETED_DEVICE_FAMILY = "1,2";
				TEST_HOST = "$(BUILT_PRODUCTS_DIR)/UyaliBeautyFaceSDKDemo-OC.app/$(BUNDLE_EXECUTABLE_FOLDER_PATH)/UyaliBeautyFaceSDKDemo-OC";
			};
			name = Debug;
		};
		F39F341D29ABBD750032EA99 /* Release */ = {
			isa = XCBuildConfiguration;
			buildSettings = {
				BUNDLE_LOADER = "$(TEST_HOST)";
				CODE_SIGN_STYLE = Automatic;
				CURRENT_PROJECT_VERSION = 1;
				DEVELOPMENT_TEAM = DWXQL5XJ47;
				GENERATE_INFOPLIST_FILE = YES;
				IPHONEOS_DEPLOYMENT_TARGET = 16.2;
				MARKETING_VERSION = 1.0;
				PRODUCT_BUNDLE_IDENTIFIER = "com.uyali.UyaliBeautyFaceSDKDemo-OCTests";
				PRODUCT_NAME = "$(TARGET_NAME)";
				SWIFT_EMIT_LOC_STRINGS = NO;
				TARGETED_DEVICE_FAMILY = "1,2";
				TEST_HOST = "$(BUILT_PRODUCTS_DIR)/UyaliBeautyFaceSDKDemo-OC.app/$(BUNDLE_EXECUTABLE_FOLDER_PATH)/UyaliBeautyFaceSDKDemo-OC";
			};
			name = Release;
		};
		F39F341F29ABBD750032EA99 /* Debug */ = {
			isa = XCBuildConfiguration;
			buildSettings = {
				CODE_SIGN_STYLE = Automatic;
				CURRENT_PROJECT_VERSION = 1;
				DEVELOPMENT_TEAM = DWXQL5XJ47;
				GENERATE_INFOPLIST_FILE = YES;
				MARKETING_VERSION = 1.0;
				PRODUCT_BUNDLE_IDENTIFIER = "com.uyali.UyaliBeautyFaceSDKDemo-OCUITests";
				PRODUCT_NAME = "$(TARGET_NAME)";
				SWIFT_EMIT_LOC_STRINGS = NO;
				TARGETED_DEVICE_FAMILY = "1,2";
				TEST_TARGET_NAME = "UyaliBeautyFaceSDKDemo-OC";
			};
			name = Debug;
		};
		F39F342029ABBD750032EA99 /* Release */ = {
			isa = XCBuildConfiguration;
			buildSettings = {
				CODE_SIGN_STYLE = Automatic;
				CURRENT_PROJECT_VERSION = 1;
				DEVELOPMENT_TEAM = DWXQL5XJ47;
				GENERATE_INFOPLIST_FILE = YES;
				MARKETING_VERSION = 1.0;
				PRODUCT_BUNDLE_IDENTIFIER = "com.uyali.UyaliBeautyFaceSDKDemo-OCUITests";
				PRODUCT_NAME = "$(TARGET_NAME)";
				SWIFT_EMIT_LOC_STRINGS = NO;
				TARGETED_DEVICE_FAMILY = "1,2";
				TEST_TARGET_NAME = "UyaliBeautyFaceSDKDemo-OC";
			};
			name = Release;
		};
/* End XCBuildConfiguration section */

/* Begin XCConfigurationList section */
		F39F33E429ABBD730032EA99 /* Build configuration list for PBXProject "UyaliBeautyFaceSDKDemo-OC" */ = {
			isa = XCConfigurationList;
			buildConfigurations = (
				F39F341629ABBD750032EA99 /* Debug */,
				F39F341729ABBD750032EA99 /* Release */,
			);
			defaultConfigurationIsVisible = 0;
			defaultConfigurationName = Release;
		};
		F39F341829ABBD750032EA99 /* Build configuration list for PBXNativeTarget "UyaliBeautyFaceSDKDemo-OC" */ = {
			isa = XCConfigurationList;
			buildConfigurations = (
				F39F341929ABBD750032EA99 /* Debug */,
				F39F341A29ABBD750032EA99 /* Release */,
			);
			defaultConfigurationIsVisible = 0;
			defaultConfigurationName = Release;
		};
		F39F341B29ABBD750032EA99 /* Build configuration list for PBXNativeTarget "UyaliBeautyFaceSDKDemo-OCTests" */ = {
			isa = XCConfigurationList;
			buildConfigurations = (
				F39F341C29ABBD750032EA99 /* Debug */,
				F39F341D29ABBD750032EA99 /* Release */,
			);
			defaultConfigurationIsVisible = 0;
			defaultConfigurationName = Release;
		};
		F39F341E29ABBD750032EA99 /* Build configuration list for PBXNativeTarget "UyaliBeautyFaceSDKDemo-OCUITests" */ = {
			isa = XCConfigurationList;
			buildConfigurations = (
				F39F341F29ABBD750032EA99 /* Debug */,
				F39F342029ABBD750032EA99 /* Release */,
			);
			defaultConfigurationIsVisible = 0;
			defaultConfigurationName = Release;
		};
/* End XCConfigurationList section */
	};
	rootObject = F39F33E129ABBD730032EA99 /* Project object */;
}
